
Microsoft Visual Studio Solution File, Format Version 12.00
# Visual Studio Version 16
VisualStudioVersion = 16.0.29911.84
MinimumVisualStudioVersion = 10.0.40219.1
Project("{9A19103F-16F7-4668-BE54-9A1E7A4F7556}") = "API_SeeManga", "API_SeeManga\API_SeeManga.csproj", "{A6BFB8AB-0C1E-4859-A0E8-CF0B5A187F9E}"
EndProject
Global
	GlobalSection(SolutionConfigurationPlatforms) = preSolution
		Debug|Any CPU = Debug|Any CPU
		Release|Any CPU = Release|Any CPU
	EndGlobalSection
	GlobalSection(ProjectConfigurationPlatforms) = postSolution
		{A6BFB8AB-0C1E-4859-A0E8-CF0B5A187F9E}.Debug|Any CPU.ActiveCfg = Debug|Any CPU
		{A6BFB8AB-0C1E-4859-A0E8-CF0B5A187F9E}.Debug|Any CPU.Build.0 = Debug|Any CPU
		{A6BFB8AB-0C1E-4859-A0E8-CF0B5A187F9E}.Release|Any CPU.ActiveCfg = Release|Any CPU
		{A6BFB8AB-0C1E-4859-A0E8-CF0B5A187F9E}.Release|Any CPU.Build.0 = Release|Any CPU
	EndGlobalSection
	GlobalSection(SolutionProperties) = preSolution
		HideSolutionNode = FALSE
	EndGlobalSection
	GlobalSection(ExtensibilityGlobals) = postSolution
		SolutionGuid = {D4FA50BA-3C77-4610-8A90-BC36E5620157}
	EndGlobalSection
EndGlobal
